
Microsoft Visual Studio Solution File, Format Version 12.00
# Visual Studio Version 17
VisualStudioVersion = 17.11.35312.102
MinimumVisualStudioVersion = 10.0.40219.1
Project("{FAE04EC0-301F-11D3-BF4B-00C04F79EFBC}") = "BankAccountApi", "BankAccountApi\BankAccountApi.csproj", "{43DE2DDD-4D83-4BFE-BDA3-6CDFEBE6ADC5}"
EndProject
Global
	GlobalSection(SolutionConfigurationPlatforms) = preSolution
		Debug|Any CPU = Debug|Any CPU
		Release|Any CPU = Release|Any CPU
	EndGlobalSection
	GlobalSection(ProjectConfigurationPlatforms) = postSolution
		{43DE2DDD-4D83-4BFE-BDA3-6CDFEBE6ADC5}.Debug|Any CPU.ActiveCfg = Debug|Any CPU
		{43DE2DDD-4D83-4BFE-BDA3-6CDFEBE6ADC5}.Debug|Any CPU.Build.0 = Debug|Any CPU
		{43DE2DDD-4D83-4BFE-BDA3-6CDFEBE6ADC5}.Release|Any CPU.ActiveCfg = Release|Any CPU
		{43DE2DDD-4D83-4BFE-BDA3-6CDFEBE6ADC5}.Release|Any CPU.Build.0 = Release|Any CPU
	EndGlobalSection
	GlobalSection(SolutionProperties) = preSolution
		HideSolutionNode = FALSE
	EndGlobalSection
	GlobalSection(ExtensibilityGlobals) = postSolution
		SolutionGuid = {1B839FB5-937E-45C0-952D-905FC67FDD11}
	EndGlobalSection
EndGlobal
